
Microsoft Visual Studio Solution File, Format Version 12.00
# Visual Studio Version 17
VisualStudioVersion = 17.3.32929.385
MinimumVisualStudioVersion = 10.0.40219.1
Project("{FAE04EC0-301F-11D3-BF4B-00C04F79EFBC}") = "WSA_TouchHelper", "WSA_TouchHelper\WSA_TouchHelper.csproj", "{E4CCDC38-2703-4DB7-96E0-DEE4C64F3D88}"
EndProject
Global
	GlobalSection(SolutionConfigurationPlatforms) = preSolution
		Debug|Any CPU = Debug|Any CPU
		Release|Any CPU = Release|Any CPU
	EndGlobalSection
	GlobalSection(ProjectConfigurationPlatforms) = postSolution
		{E4CCDC38-2703-4DB7-96E0-DEE4C64F3D88}.Debug|Any CPU.ActiveCfg = Debug|Any CPU
		{E4CCDC38-2703-4DB7-96E0-DEE4C64F3D88}.Debug|Any CPU.Build.0 = Debug|Any CPU
		{E4CCDC38-2703-4DB7-96E0-DEE4C64F3D88}.Release|Any CPU.ActiveCfg = Release|Any CPU
		{E4CCDC38-2703-4DB7-96E0-DEE4C64F3D88}.Release|Any CPU.Build.0 = Release|Any CPU
	EndGlobalSection
	GlobalSection(SolutionProperties) = preSolution
		HideSolutionNode = FALSE
	EndGlobalSection
	GlobalSection(ExtensibilityGlobals) = postSolution
		SolutionGuid = {8DBD0DA9-938F-4CD5-9D5B-5F6AC18A875E}
	EndGlobalSection
EndGlobal
